// !$*UTF8*$!
{
	archiveVersion = 1;
	classes = {
	};
	objectVersion = 50;
	objects = {

/* Begin PBXBuildFile section */
		C22AE6DA26E1837200DEC2CB /* Players.swift in Sources */ = {isa = PBXBuildFile; fileRef = C22AE6D926E1837200DEC2CB /* Players.swift */; };
		C2BDA58A26F0119A00B4B939 /* WarRules.swift in Sources */ = {isa = PBXBuildFile; fileRef = C2BDA58926F0119A00B4B939 /* WarRules.swift */; };
		C2E189C826E1550D00D76520 /* Soccer_WarsApp.swift in Sources */ = {isa = PBXBuildFile; fileRef = C2E189C726E1550D00D76520 /* Soccer_WarsApp.swift */; };
		C2E189CA26E1550D00D76520 /* ContentView.swift in Sources */ = {isa = PBXBuildFile; fileRef = C2E189C926E1550D00D76520 /* ContentView.swift */; };
		C2E189CC26E1550D00D76520 /* Assets.xcassets in Resources */ = {isa = PBXBuildFile; fileRef = C2E189CB26E1550D00D76520 /* Assets.xcassets */; };
		C2E189CF26E1550D00D76520 /* Preview Assets.xcassets in Resources */ = {isa = PBXBuildFile; fileRef = C2E189CE26E1550D00D76520 /* Preview Assets.xcassets */; };
		C2E189D826E1830200D76520 /* OverallWar.swift in Sources */ = {isa = PBXBuildFile; fileRef = C2E189D726E1830200D76520 /* OverallWar.swift */; };
/* End PBXBuildFile section */

/* Begin PBXFileReference section */
		C22AE6D926E1837200DEC2CB /* Players.swift */ = {isa = PBXFileReference; lastKnownFileType = sourcecode.swift; path = Players.swift; sourceTree = "<group>"; };
		C2BDA58926F0119A00B4B939 /* WarRules.swift */ = {isa = PBXFileReference; lastKnownFileType = sourcecode.swift; path = WarRules.swift; sourceTree = "<group>"; };
		C2E189C426E1550D00D76520 /* Soccer Wars.app */ = {isa = PBXFileReference; explicitFileType = wrapper.application; includeInIndex = 0; path = "Soccer Wars.app"; sourceTree = BUILT_PRODUCTS_DIR; };
		C2E189C726E1550D00D76520 /* Soccer_WarsApp.swift */ = {isa = PBXFileReference; lastKnownFileType = sourcecode.swift; path = Soccer_WarsApp.swift; sourceTree = "<group>"; };
		C2E189C926E1550D00D76520 /* ContentView.swift */ = {isa = PBXFileReference; lastKnownFileType = sourcecode.swift; path = ContentView.swift; sourceTree = "<group>"; };
		C2E189CB26E1550D00D76520 /* Assets.xcassets */ = {isa = PBXFileReference; lastKnownFileType = folder.assetcatalog; path = Assets.xcassets; sourceTree = "<group>"; };
		C2E189CE26E1550D00D76520 /* Preview Assets.xcassets */ = {isa = PBXFileReference; lastKnownFileType = folder.assetcatalog; path = "Preview Assets.xcassets"; sourceTree = "<group>"; };
		C2E189D026E1550D00D76520 /* Info.plist */ = {isa = PBXFileReference; lastKnownFileType = text.plist.xml; path = Info.plist; sourceTree = "<group>"; };
		C2E189D726E1830200D76520 /* OverallWar.swift */ = {isa = PBXFileReference; lastKnownFileType = sourcecode.swift; path = OverallWar.swift; sourceTree = "<group>"; };
/* End PBXFileReference section */

/* Begin PBXFrameworksBuildPhase section */
		C2E189C126E1550D00D76520 /* Frameworks */ = {
			isa = PBXFrameworksBuildPhase;
			buildActionMask = 2147483647;
			files = (
			);
			runOnlyForDeploymentPostprocessing = 0;
		};
/* End PBXFrameworksBuildPhase section */

/* Begin PBXGroup section */
		C22AE6D826E1835F00DEC2CB /* Models */ = {
			isa = PBXGroup;
			children = (
				C22AE6D926E1837200DEC2CB /* Players.swift */,
			);
			path = Models;
			sourceTree = "<group>";
		};
		C2507B3426E5D1BD00603313 /* Utils */ = {
			isa = PBXGroup;
			children = (
			);
			path = Utils;
			sourceTree = "<group>";
		};
		C2E189BB26E1550D00D76520 = {
			isa = PBXGroup;
			children = (
				C2E189C626E1550D00D76520 /* Soccer Wars */,
				C2E189C526E1550D00D76520 /* Products */,
			);
			sourceTree = "<group>";
		};
		C2E189C526E1550D00D76520 /* Products */ = {
			isa = PBXGroup;
			children = (
				C2E189C426E1550D00D76520 /* Soccer Wars.app */,
			);
			name = Products;
			sourceTree = "<group>";
		};
		C2E189C626E1550D00D76520 /* Soccer Wars */ = {
			isa = PBXGroup;
			children = (
				C2507B3426E5D1BD00603313 /* Utils */,
				C22AE6D826E1835F00DEC2CB /* Models */,
				C2E189D626E182DA00D76520 /* Views */,
				C2E189C726E1550D00D76520 /* Soccer_WarsApp.swift */,
				C2E189C926E1550D00D76520 /* ContentView.swift */,
				C2E189CB26E1550D00D76520 /* Assets.xcassets */,
				C2E189D026E1550D00D76520 /* Info.plist */,
				C2E189CD26E1550D00D76520 /* Preview Content */,
			);
			path = "Soccer Wars";
			sourceTree = "<group>";
		};
		C2E189CD26E1550D00D76520 /* Preview Content */ = {
			isa = PBXGroup;
			children = (
				C2E189CE26E1550D00D76520 /* Preview Assets.xcassets */,
			);
			path = "Preview Content";
			sourceTree = "<group>";
		};
		C2E189D626E182DA00D76520 /* Views */ = {
			isa = PBXGroup;
			children = (
				C2E189D726E1830200D76520 /* OverallWar.swift */,
				C2BDA58926F0119A00B4B939 /* WarRules.swift */,
			);
			path = Views;
			sourceTree = "<group>";
		};
/* End PBXGroup section */

/* Begin PBXNativeTarget section */
		C2E189C326E1550D00D76520 /* Soccer Wars */ = {
			isa = PBXNativeTarget;
			buildConfigurationList = C2E189D326E1550D00D76520 /* Build configuration list for PBXNativeTarget "Soccer Wars" */;
			buildPhases = (
				C2E189C026E1550D00D76520 /* Sources */,
				C2E189C126E1550D00D76520 /* Frameworks */,
				C2E189C226E1550D00D76520 /* Resources */,
			);
			buildRules = (
			);
			dependencies = (
			);
			name = "Soccer Wars";
			productName = "Soccer Wars";
			productReference = C2E189C426E1550D00D76520 /* Soccer Wars.app */;
			productType = "com.apple.product-type.application";
		};
/* End PBXNativeTarget section */

/* Begin PBXProject section */
		C2E189BC26E1550D00D76520 /* Project object */ = {
			isa = PBXProject;
			attributes = {
				LastSwiftUpdateCheck = 1250;
				LastUpgradeCheck = 1250;
				TargetAttributes = {
					C2E189C326E1550D00D76520 = {
						CreatedOnToolsVersion = 12.5.1;
					};
				};
			};
			buildConfigurationList = C2E189BF26E1550D00D76520 /* Build configuration list for PBXProject "Soccer Wars" */;
			compatibilityVersion = "Xcode 9.3";
			developmentRegion = en;
			hasScannedForEncodings = 0;
			knownRegions = (
				en,
				Base,
			);
			mainGroup = C2E189BB26E1550D00D76520;
			productRefGroup = C2E189C526E1550D00D76520 /* Products */;
			projectDirPath = "";
			projectRoot = "";
			targets = (
				C2E189C326E1550D00D76520 /* Soccer Wars */,
			);
		};
/* End PBXProject section */

/* Begin PBXResourcesBuildPhase section */
		C2E189C226E1550D00D76520 /* Resources */ = {
			isa = PBXResourcesBuildPhase;
			buildActionMask = 2147483647;
			files = (
				C2E189CF26E1550D00D76520 /* Preview Assets.xcassets in Resources */,
				C2E189CC26E1550D00D76520 /* Assets.xcassets in Resources */,
			);
			runOnlyForDeploymentPostprocessing = 0;
		};
/* End PBXResourcesBuildPhase section */

/* Begin PBXSourcesBuildPhase section */
		C2E189C026E1550D00D76520 /* Sources */ = {
			isa = PBXSourcesBuildPhase;
			buildActionMask = 2147483647;
			files = (
				C2BDA58A26F0119A00B4B939 /* WarRules.swift in Sources */,
				C22AE6DA26E1837200DEC2CB /* Players.swift in Sources */,
				C2E189CA26E1550D00D76520 /* ContentView.swift in Sources */,
				C2E189D826E1830200D76520 /* OverallWar.swift in Sources */,
				C2E189C826E1550D00D76520 /* Soccer_WarsApp.swift in Sources */,
			);
			runOnlyForDeploymentPostprocessing = 0;
		};
/* End PBXSourcesBuildPhase section */

/* Begin XCBuildConfiguration section */
		C2E189D126E1550D00D76520 /* Debug */ = {
			isa = XCBuildConfiguration;
			buildSettings = {
				ALWAYS_SEARCH_USER_PATHS = NO;
				CLANG_ANALYZER_NONNULL = YES;
				CLANG_ANALYZER_NUMBER_OBJECT_CONVERSION = YES_AGGRESSIVE;
				CLANG_CXX_LANGUAGE_STANDARD = "gnu++14";
				CLANG_CXX_LIBRARY = "libc++";
				CLANG_ENABLE_MODULES = YES;
				CLANG_ENABLE_OBJC_ARC = YES;
				CLANG_ENABLE_OBJC_WEAK = YES;
				CLANG_WARN_BLOCK_CAPTURE_AUTORELEASING = YES;
				CLANG_WARN_BOOL_CONVERSION = YES;
				CLANG_WARN_COMMA = YES;
				CLANG_WARN_CONSTANT_CONVERSION = YES;
				CLANG_WARN_DEPRECATED_OBJC_IMPLEMENTATIONS = YES;
				CLANG_WARN_DIRECT_OBJC_ISA_USAGE = YES_ERROR;
				CLANG_WARN_DOCUMENTATION_COMMENTS = YES;
				CLANG_WARN_EMPTY_BODY = YES;
				CLANG_WARN_ENUM_CONVERSION = YES;
				CLANG_WARN_INFINITE_RECURSION = YES;
				CLANG_WARN_INT_CONVERSION = YES;
				CLANG_WARN_NON_LITERAL_NULL_CONVERSION = YES;
				CLANG_WARN_OBJC_IMPLICIT_RETAIN_SELF = YES;
				CLANG_WARN_OBJC_LITERAL_CONVERSION = YES;
				CLANG_WARN_OBJC_ROOT_CLASS = YES_ERROR;
				CLANG_WARN_QUOTED_INCLUDE_IN_FRAMEWORK_HEADER = YES;
				CLANG_WARN_RANGE_LOOP_ANALYSIS = YES;
				CLANG_WARN_STRICT_PROTOTYPES = YES;
				CLANG_WARN_SUSPICIOUS_MOVE = YES;
				CLANG_WARN_UNGUARDED_AVAILABILITY = YES_AGGRESSIVE;
				CLANG_WARN_UNREACHABLE_CODE = YES;
				CLANG_WARN__DUPLICATE_METHOD_MATCH = YES;
				COPY_PHASE_STRIP = NO;
				DEBUG_INFORMATION_FORMAT = dwarf;
				ENABLE_STRICT_OBJC_MSGSEND = YES;
				ENABLE_TESTABILITY = YES;
				GCC_C_LANGUAGE_STANDARD = gnu11;
				GCC_DYNAMIC_NO_PIC = NO;
				GCC_NO_COMMON_BLOCKS = YES;
				GCC_OPTIMIZATION_LEVEL = 0;
				GCC_PREPROCESSOR_DEFINITIONS = (
					"DEBUG=1",
					"$(inherited)",
				);
				GCC_WARN_64_TO_32_BIT_CONVERSION = YES;
				GCC_WARN_ABOUT_RETURN_TYPE = YES_ERROR;
				GCC_WARN_UNDECLARED_SELECTOR = YES;
				GCC_WARN_UNINITIALIZED_AUTOS = YES_AGGRESSIVE;
				GCC_WARN_UNUSED_FUNCTION = YES;
				GCC_WARN_UNUSED_VARIABLE = YES;
				IPHONEOS_DEPLOYMENT_TARGET = 14.5;
				MTL_ENABLE_DEBUG_INFO = INCLUDE_SOURCE;
				MTL_FAST_MATH = YES;
				ONLY_ACTIVE_ARCH = YES;
				SDKROOT = iphoneos;
				SWIFT_ACTIVE_COMPILATION_CONDITIONS = DEBUG;
				SWIFT_OPTIMIZATION_LEVEL = "-Onone";
			};
			name = Debug;
		};
		C2E189D226E1550D00D76520 /* Release */ = {
			isa = XCBuildConfiguration;
			buildSettings = {
				ALWAYS_SEARCH_USER_PATHS = NO;
				CLANG_ANALYZER_NONNULL = YES;
				CLANG_ANALYZER_NUMBER_OBJECT_CONVERSION = YES_AGGRESSIVE;
				CLANG_CXX_LANGUAGE_STANDARD = "gnu++14";
				CLANG_CXX_LIBRARY = "libc++";
				CLANG_ENABLE_MODULES = YES;
				CLANG_ENABLE_OBJC_ARC = YES;
				CLANG_ENABLE_OBJC_WEAK = YES;
				CLANG_WARN_BLOCK_CAPTURE_AUTORELEASING = YES;
				CLANG_WARN_BOOL_CONVERSION = YES;
				CLANG_WARN_COMMA = YES;
				CLANG_WARN_CONSTANT_CONVERSION = YES;
				CLANG_WARN_DEPRECATED_OBJC_IMPLEMENTATIONS = YES;
				CLANG_WARN_DIRECT_OBJC_ISA_USAGE = YES_ERROR;
				CLANG_WARN_DOCUMENTATION_COMMENTS = YES;
				CLANG_WARN_EMPTY_BODY = YES;
				CLANG_WARN_ENUM_CONVERSION = YES;
				CLANG_WARN_INFINITE_RECURSION = YES;
				CLANG_WARN_INT_CONVERSION = YES;
				CLANG_WARN_NON_LITERAL_NULL_CONVERSION = YES;
				CLANG_WARN_OBJC_IMPLICIT_RETAIN_SELF = YES;
				CLANG_WARN_OBJC_LITERAL_CONVERSION = YES;
				CLANG_WARN_OBJC_ROOT_CLASS = YES_ERROR;
				CLANG_WARN_QUOTED_INCLUDE_IN_FRAMEWORK_HEADER = YES;
				CLANG_WARN_RANGE_LOOP_ANALYSIS = YES;
				CLANG_WARN_STRICT_PROTOTYPES = YES;
				CLANG_WARN_SUSPICIOUS_MOVE = YES;
				CLANG_WARN_UNGUARDED_AVAILABILITY = YES_AGGRESSIVE;
				CLANG_WARN_UNREACHABLE_CODE = YES;
				CLANG_WARN__DUPLICATE_METHOD_MATCH = YES;
				COPY_PHASE_STRIP = NO;
				DEBUG_INFORMATION_FORMAT = "dwarf-with-dsym";
				ENABLE_NS_ASSERTIONS = NO;
				ENABLE_STRICT_OBJC_MSGSEND = YES;
				GCC_C_LANGUAGE_STANDARD = gnu11;
				GCC_NO_COMMON_BLOCKS = YES;
				GCC_WARN_64_TO_32_BIT_CONVERSION = YES;
				GCC_WARN_ABOUT_RETURN_TYPE = YES_ERROR;
				GCC_WARN_UNDECLARED_SELECTOR = YES;
				GCC_WARN_UNINITIALIZED_AUTOS = YES_AGGRESSIVE;
				GCC_WARN_UNUSED_FUNCTION = YES;
				GCC_WARN_UNUSED_VARIABLE = YES;
				IPHONEOS_DEPLOYMENT_TARGET = 14.5;
				MTL_ENABLE_DEBUG_INFO = NO;
				MTL_FAST_MATH = YES;
				SDKROOT = iphoneos;
				SWIFT_COMPILATION_MODE = wholemodule;
				SWIFT_OPTIMIZATION_LEVEL = "-O";
				VALIDATE_PRODUCT = YES;
			};
			name = Release;
		};
		C2E189D426E1550D00D76520 /* Debug */ = {
			isa = XCBuildConfiguration;
			buildSettings = {
				ASSETCATALOG_COMPILER_APPICON_NAME = AppIcon;
				ASSETCATALOG_COMPILER_GLOBAL_ACCENT_COLOR_NAME = AccentColor;
				CODE_SIGN_STYLE = Automatic;
				DEVELOPMENT_ASSET_PATHS = "\"Soccer Wars/Preview Content\"";
				ENABLE_PREVIEWS = YES;
				INFOPLIST_FILE = "Soccer Wars/Info.plist";
				IPHONEOS_DEPLOYMENT_TARGET = 14.0;
				LD_RUNPATH_SEARCH_PATHS = (
					"$(inherited)",
					"@executable_path/Frameworks",
				);
				PRODUCT_BUNDLE_IDENTIFIER = "Armanos.Soccer-Wars";
				PRODUCT_NAME = "$(TARGET_NAME)";
				SWIFT_VERSION = 5.0;
				TARGETED_DEVICE_FAMILY = "1,2";
			};
			name = Debug;
		};
		C2E189D526E1550D00D76520 /* Release */ = {
			isa = XCBuildConfiguration;
			buildSettings = {
				ASSETCATALOG_COMPILER_APPICON_NAME = AppIcon;
				ASSETCATALOG_COMPILER_GLOBAL_ACCENT_COLOR_NAME = AccentColor;
				CODE_SIGN_STYLE = Automatic;
				DEVELOPMENT_ASSET_PATHS = "\"Soccer Wars/Preview Content\"";
				ENABLE_PREVIEWS = YES;
				INFOPLIST_FILE = "Soccer Wars/Info.plist";
				IPHONEOS_DEPLOYMENT_TARGET = 14.0;
				LD_RUNPATH_SEARCH_PATHS = (
					"$(inherited)",
					"@executable_path/Frameworks",
				);
				PRODUCT_BUNDLE_IDENTIFIER = "Armanos.Soccer-Wars";
				PRODUCT_NAME = "$(TARGET_NAME)";
				SWIFT_VERSION = 5.0;
				TARGETED_DEVICE_FAMILY = "1,2";
			};
			name = Release;
		};
/* End XCBuildConfiguration section */

/* Begin XCConfigurationList section */
		C2E189BF26E1550D00D76520 /* Build configuration list for PBXProject "Soccer Wars" */ = {
			isa = XCConfigurationList;
			buildConfigurations = (
				C2E189D126E1550D00D76520 /* Debug */,
				C2E189D226E1550D00D76520 /* Release */,
			);
			defaultConfigurationIsVisible = 0;
			defaultConfigurationName = Release;
		};
		C2E189D326E1550D00D76520 /* Build configuration list for PBXNativeTarget "Soccer Wars" */ = {
			isa = XCConfigurationList;
			buildConfigurations = (
				C2E189D426E1550D00D76520 /* Debug */,
				C2E189D526E1550D00D76520 /* Release */,
			);
			defaultConfigurationIsVisible = 0;
			defaultConfigurationName = Release;
		};
/* End XCConfigurationList section */
	};
	rootObject = C2E189BC26E1550D00D76520 /* Project object */;
}
